
Microsoft Visual Studio Solution File, Format Version 12.00
# Visual Studio Version 16
VisualStudioVersion = 16.0.29806.167
MinimumVisualStudioVersion = 10.0.40219.1
Project("{FAE04EC0-301F-11D3-BF4B-00C04F79EFBC}") = "XamEFCore.Android", "XamEFCore\XamEFCore.Android\XamEFCore.Android.csproj", "{0AA3B60B-EB80-48DA-B01A-37161CB8D75F}"
EndProject
Project("{FAE04EC0-301F-11D3-BF4B-00C04F79EFBC}") = "XamEFCore.iOS", "XamEFCore\XamEFCore.iOS\XamEFCore.iOS.csproj", "{8C936ED2-7E79-4896-8256-BA5CC258F5A4}"
EndProject
Project("{FAE04EC0-301F-11D3-BF4B-00C04F79EFBC}") = "XamEFCore", "XamEFCore\XamEFCore\XamEFCore.csproj", "{47832E88-DF8B-40A5-89F8-510DC57F8CB0}"
EndProject
Global
	GlobalSection(SolutionConfigurationPlatforms) = preSolution
		Debug|Any CPU = Debug|Any CPU
		Debug|iPhone = Debug|iPhone
		Debug|iPhoneSimulator = Debug|iPhoneSimulator
		Release|Any CPU = Release|Any CPU
		Release|iPhone = Release|iPhone
		Release|iPhoneSimulator = Release|iPhoneSimulator
	EndGlobalSection
	GlobalSection(ProjectConfigurationPlatforms) = postSolution
		{0AA3B60B-EB80-48DA-B01A-37161CB8D75F}.Debug|Any CPU.ActiveCfg = Debug|Any CPU
		{0AA3B60B-EB80-48DA-B01A-37161CB8D75F}.Debug|Any CPU.Build.0 = Debug|Any CPU
		{0AA3B60B-EB80-48DA-B01A-37161CB8D75F}.Debug|Any CPU.Deploy.0 = Debug|Any CPU
		{0AA3B60B-EB80-48DA-B01A-37161CB8D75F}.Debug|iPhone.ActiveCfg = Debug|Any CPU
		{0AA3B60B-EB80-48DA-B01A-37161CB8D75F}.Debug|iPhone.Build.0 = Debug|Any CPU
		{0AA3B60B-EB80-48DA-B01A-37161CB8D75F}.Debug|iPhone.Deploy.0 = Debug|Any CPU
		{0AA3B60B-EB80-48DA-B01A-37161CB8D75F}.Debug|iPhoneSimulator.ActiveCfg = Debug|Any CPU
		{0AA3B60B-EB80-48DA-B01A-37161CB8D75F}.Debug|iPhoneSimulator.Build.0 = Debug|Any CPU
		{0AA3B60B-EB80-48DA-B01A-37161CB8D75F}.Debug|iPhoneSimulator.Deploy.0 = Debug|Any CPU
		{0AA3B60B-EB80-48DA-B01A-37161CB8D75F}.Release|Any CPU.ActiveCfg = Release|Any CPU
		{0AA3B60B-EB80-48DA-B01A-37161CB8D75F}.Release|Any CPU.Build.0 = Release|Any CPU
		{0AA3B60B-EB80-48DA-B01A-37161CB8D75F}.Release|Any CPU.Deploy.0 = Release|Any CPU
		{0AA3B60B-EB80-48DA-B01A-37161CB8D75F}.Release|iPhone.ActiveCfg = Release|Any CPU
		{0AA3B60B-EB80-48DA-B01A-37161CB8D75F}.Release|iPhone.Build.0 = Release|Any CPU
		{0AA3B60B-EB80-48DA-B01A-37161CB8D75F}.Release|iPhone.Deploy.0 = Release|Any CPU
		{0AA3B60B-EB80-48DA-B01A-37161CB8D75F}.Release|iPhoneSimulator.ActiveCfg = Release|Any CPU
		{0AA3B60B-EB80-48DA-B01A-37161CB8D75F}.Release|iPhoneSimulator.Build.0 = Release|Any CPU
		{0AA3B60B-EB80-48DA-B01A-37161CB8D75F}.Release|iPhoneSimulator.Deploy.0 = Release|Any CPU
		{8C936ED2-7E79-4896-8256-BA5CC258F5A4}.Debug|Any CPU.ActiveCfg = Debug|iPhoneSimulator
		{8C936ED2-7E79-4896-8256-BA5CC258F5A4}.Debug|Any CPU.Build.0 = Debug|iPhoneSimulator
		{8C936ED2-7E79-4896-8256-BA5CC258F5A4}.Debug|Any CPU.Deploy.0 = Debug|iPhoneSimulator
		{8C936ED2-7E79-4896-8256-BA5CC258F5A4}.Debug|iPhone.ActiveCfg = Debug|iPhone
		{8C936ED2-7E79-4896-8256-BA5CC258F5A4}.Debug|iPhone.Build.0 = Debug|iPhone
		{8C936ED2-7E79-4896-8256-BA5CC258F5A4}.Debug|iPhone.Deploy.0 = Debug|iPhone
		{8C936ED2-7E79-4896-8256-BA5CC258F5A4}.Debug|iPhoneSimulator.ActiveCfg = Debug|iPhoneSimulator
		{8C936ED2-7E79-4896-8256-BA5CC258F5A4}.Debug|iPhoneSimulator.Build.0 = Debug|iPhoneSimulator
		{8C936ED2-7E79-4896-8256-BA5CC258F5A4}.Debug|iPhoneSimulator.Deploy.0 = Debug|iPhoneSimulator
		{8C936ED2-7E79-4896-8256-BA5CC258F5A4}.Release|Any CPU.ActiveCfg = Release|iPhone
		{8C936ED2-7E79-4896-8256-BA5CC258F5A4}.Release|Any CPU.Build.0 = Release|iPhone
		{8C936ED2-7E79-4896-8256-BA5CC258F5A4}.Release|Any CPU.Deploy.0 = Release|iPhone
		{8C936ED2-7E79-4896-8256-BA5CC258F5A4}.Release|iPhone.ActiveCfg = Release|iPhone
		{8C936ED2-7E79-4896-8256-BA5CC258F5A4}.Release|iPhone.Build.0 = Release|iPhone
		{8C936ED2-7E79-4896-8256-BA5CC258F5A4}.Release|iPhone.Deploy.0 = Release|iPhone
		{8C936ED2-7E79-4896-8256-BA5CC258F5A4}.Release|iPhoneSimulator.ActiveCfg = Release|iPhoneSimulator
		{8C936ED2-7E79-4896-8256-BA5CC258F5A4}.Release|iPhoneSimulator.Build.0 = Release|iPhoneSimulator
		{8C936ED2-7E79-4896-8256-BA5CC258F5A4}.Release|iPhoneSimulator.Deploy.0 = Release|iPhoneSimulator
		{47832E88-DF8B-40A5-89F8-510DC57F8CB0}.Debug|Any CPU.ActiveCfg = Debug|Any CPU
		{47832E88-DF8B-40A5-89F8-510DC57F8CB0}.Debug|Any CPU.Build.0 = Debug|Any CPU
		{47832E88-DF8B-40A5-89F8-510DC57F8CB0}.Debug|Any CPU.Deploy.0 = Debug|Any CPU
		{47832E88-DF8B-40A5-89F8-510DC57F8CB0}.Debug|iPhone.ActiveCfg = Debug|Any CPU
		{47832E88-DF8B-40A5-89F8-510DC57F8CB0}.Debug|iPhone.Build.0 = Debug|Any CPU
		{47832E88-DF8B-40A5-89F8-510DC57F8CB0}.Debug|iPhone.Deploy.0 = Debug|Any CPU
		{47832E88-DF8B-40A5-89F8-510DC57F8CB0}.Debug|iPhoneSimulator.ActiveCfg = Debug|Any CPU
		{47832E88-DF8B-40A5-89F8-510DC57F8CB0}.Debug|iPhoneSimulator.Build.0 = Debug|Any CPU
		{47832E88-DF8B-40A5-89F8-510DC57F8CB0}.Debug|iPhoneSimulator.Deploy.0 = Debug|Any CPU
		{47832E88-DF8B-40A5-89F8-510DC57F8CB0}.Release|Any CPU.ActiveCfg = Release|Any CPU
		{47832E88-DF8B-40A5-89F8-510DC57F8CB0}.Release|Any CPU.Build.0 = Release|Any CPU
		{47832E88-DF8B-40A5-89F8-510DC57F8CB0}.Release|Any CPU.Deploy.0 = Release|Any CPU
		{47832E88-DF8B-40A5-89F8-510DC57F8CB0}.Release|iPhone.ActiveCfg = Release|Any CPU
		{47832E88-DF8B-40A5-89F8-510DC57F8CB0}.Release|iPhone.Build.0 = Release|Any CPU
		{47832E88-DF8B-40A5-89F8-510DC57F8CB0}.Release|iPhone.Deploy.0 = Release|Any CPU
		{47832E88-DF8B-40A5-89F8-510DC57F8CB0}.Release|iPhoneSimulator.ActiveCfg = Release|Any CPU
		{47832E88-DF8B-40A5-89F8-510DC57F8CB0}.Release|iPhoneSimulator.Build.0 = Release|Any CPU
		{47832E88-DF8B-40A5-89F8-510DC57F8CB0}.Release|iPhoneSimulator.Deploy.0 = Release|Any CPU
	EndGlobalSection
	GlobalSection(SolutionProperties) = preSolution
		HideSolutionNode = FALSE
	EndGlobalSection
	GlobalSection(ExtensibilityGlobals) = postSolution
		SolutionGuid = {8BFBF3AC-E462-4CE7-871E-AFF02F4BC33D}
	EndGlobalSection
EndGlobal
